// !$*UTF8*$!
{
	archiveVersion = 1;
	classes = {
	};
	objectVersion = 56;
	objects = {

/* Begin PBXBuildFile section */
		1779C8922AC6D8C10013B44B /* MedTrackApp.swift in Sources */ = {isa = PBXBuildFile; fileRef = 1779C8912AC6D8C10013B44B /* MedTrackApp.swift */; };
		1779C8942AC6D8C10013B44B /* ContentView.swift in Sources */ = {isa = PBXBuildFile; fileRef = 1779C8932AC6D8C10013B44B /* ContentView.swift */; };
		1779C8962AC6D8C20013B44B /* Assets.xcassets in Resources */ = {isa = PBXBuildFile; fileRef = 1779C8952AC6D8C20013B44B /* Assets.xcassets */; };
		1779C8992AC6D8C20013B44B /* Preview Assets.xcassets in Resources */ = {isa = PBXBuildFile; fileRef = 1779C8982AC6D8C20013B44B /* Preview Assets.xcassets */; };
		1779C8AA2AC6D9EE0013B44B /* Calendar.swift in Sources */ = {isa = PBXBuildFile; fileRef = 1779C8A22AC6D9EE0013B44B /* Calendar.swift */; };
		1779C8AB2AC6D9EE0013B44B /* Index.swift in Sources */ = {isa = PBXBuildFile; fileRef = 1779C8A42AC6D9EE0013B44B /* Index.swift */; };
		1779C8AC2AC6D9EE0013B44B /* ProgrammationMed.swift in Sources */ = {isa = PBXBuildFile; fileRef = 1779C8A72AC6D9EE0013B44B /* ProgrammationMed.swift */; };
		1779C8AD2AC6D9EE0013B44B /* ProgrammationMedSecondView.swift in Sources */ = {isa = PBXBuildFile; fileRef = 1779C8A82AC6D9EE0013B44B /* ProgrammationMedSecondView.swift */; };
		1779C8AE2AC6D9EE0013B44B /* Traitement.swift in Sources */ = {isa = PBXBuildFile; fileRef = 1779C8A92AC6D9EE0013B44B /* Traitement.swift */; };
		1779C8B12AC6DA1B0013B44B /* ModalMedicament.swift in Sources */ = {isa = PBXBuildFile; fileRef = 1779C8B02AC6DA1B0013B44B /* ModalMedicament.swift */; };
		1779C8B42AC6DA220013B44B /* DB.swift in Sources */ = {isa = PBXBuildFile; fileRef = 1779C8B32AC6DA220013B44B /* DB.swift */; };
		1779C8B92AC6DA300013B44B /* IndexRappel.swift in Sources */ = {isa = PBXBuildFile; fileRef = 1779C8B72AC6DA300013B44B /* IndexRappel.swift */; };
		1779C8BA2AC6DA300013B44B /* TraitementRappel.swift in Sources */ = {isa = PBXBuildFile; fileRef = 1779C8B82AC6DA300013B44B /* TraitementRappel.swift */; };
		1779C8BC2AC6DA340013B44B /* medicament.sql in Resources */ = {isa = PBXBuildFile; fileRef = 1779C8BB2AC6DA340013B44B /* medicament.sql */; };
		1779C8BF2AC6DA410013B44B /* SQLite in Frameworks */ = {isa = PBXBuildFile; productRef = 1779C8BE2AC6DA410013B44B /* SQLite */; };
		1779C8DB2AC6DE1E0013B44B /* .gitignore in Resources */ = {isa = PBXBuildFile; fileRef = 1779C8DA2AC6DE1E0013B44B /* .gitignore */; };
		17972DB12AC86F09003F22AA /* AppDelegate.swift in Sources */ = {isa = PBXBuildFile; fileRef = 17972DB02AC86F09003F22AA /* AppDelegate.swift */; };
		17972DB42AC87098003F22AA /* NotificationRappel.swift in Sources */ = {isa = PBXBuildFile; fileRef = 17972DB32AC87098003F22AA /* NotificationRappel.swift */; };
		17B9DD762ACC0384003973FF /* LaunchScreen.storyboard in Resources */ = {isa = PBXBuildFile; fileRef = 17B9DD752ACC0384003973FF /* LaunchScreen.storyboard */; };
/* End PBXBuildFile section */

/* Begin PBXFileReference section */
		1779C88E2AC6D8C10013B44B /* MedTrack.app */ = {isa = PBXFileReference; explicitFileType = wrapper.application; includeInIndex = 0; path = MedTrack.app; sourceTree = BUILT_PRODUCTS_DIR; };
		1779C8912AC6D8C10013B44B /* MedTrackApp.swift */ = {isa = PBXFileReference; lastKnownFileType = sourcecode.swift; path = MedTrackApp.swift; sourceTree = "<group>"; };
		1779C8932AC6D8C10013B44B /* ContentView.swift */ = {isa = PBXFileReference; lastKnownFileType = sourcecode.swift; path = ContentView.swift; sourceTree = "<group>"; };
		1779C8952AC6D8C20013B44B /* Assets.xcassets */ = {isa = PBXFileReference; lastKnownFileType = folder.assetcatalog; path = Assets.xcassets; sourceTree = "<group>"; };
		1779C8982AC6D8C20013B44B /* Preview Assets.xcassets */ = {isa = PBXFileReference; lastKnownFileType = folder.assetcatalog; path = "Preview Assets.xcassets"; sourceTree = "<group>"; };
		1779C8A22AC6D9EE0013B44B /* Calendar.swift */ = {isa = PBXFileReference; fileEncoding = 4; lastKnownFileType = sourcecode.swift; path = Calendar.swift; sourceTree = "<group>"; };
		1779C8A42AC6D9EE0013B44B /* Index.swift */ = {isa = PBXFileReference; fileEncoding = 4; lastKnownFileType = sourcecode.swift; path = Index.swift; sourceTree = "<group>"; };
		1779C8A72AC6D9EE0013B44B /* ProgrammationMed.swift */ = {isa = PBXFileReference; fileEncoding = 4; lastKnownFileType = sourcecode.swift; path = ProgrammationMed.swift; sourceTree = "<group>"; };
		1779C8A82AC6D9EE0013B44B /* ProgrammationMedSecondView.swift */ = {isa = PBXFileReference; fileEncoding = 4; lastKnownFileType = sourcecode.swift; path = ProgrammationMedSecondView.swift; sourceTree = "<group>"; };
		1779C8A92AC6D9EE0013B44B /* Traitement.swift */ = {isa = PBXFileReference; fileEncoding = 4; lastKnownFileType = sourcecode.swift; path = Traitement.swift; sourceTree = "<group>"; };
		1779C8B02AC6DA1B0013B44B /* ModalMedicament.swift */ = {isa = PBXFileReference; fileEncoding = 4; lastKnownFileType = sourcecode.swift; path = ModalMedicament.swift; sourceTree = "<group>"; };
		1779C8B32AC6DA220013B44B /* DB.swift */ = {isa = PBXFileReference; fileEncoding = 4; lastKnownFileType = sourcecode.swift; path = DB.swift; sourceTree = "<group>"; };
		1779C8B72AC6DA300013B44B /* IndexRappel.swift */ = {isa = PBXFileReference; fileEncoding = 4; lastKnownFileType = sourcecode.swift; path = IndexRappel.swift; sourceTree = "<group>"; };
		1779C8B82AC6DA300013B44B /* TraitementRappel.swift */ = {isa = PBXFileReference; fileEncoding = 4; lastKnownFileType = sourcecode.swift; path = TraitementRappel.swift; sourceTree = "<group>"; };
		1779C8BB2AC6DA340013B44B /* medicament.sql */ = {isa = PBXFileReference; fileEncoding = 4; lastKnownFileType = text; path = medicament.sql; sourceTree = "<group>"; };
		1779C8DA2AC6DE1E0013B44B /* .gitignore */ = {isa = PBXFileReference; lastKnownFileType = text; name = .gitignore; path = ../../../../../Users/angelo/Downloads/.gitignore; sourceTree = "<group>"; };
		17972DB02AC86F09003F22AA /* AppDelegate.swift */ = {isa = PBXFileReference; lastKnownFileType = sourcecode.swift; path = AppDelegate.swift; sourceTree = "<group>"; };
		17972DB32AC87098003F22AA /* NotificationRappel.swift */ = {isa = PBXFileReference; lastKnownFileType = sourcecode.swift; path = NotificationRappel.swift; sourceTree = "<group>"; };
		17B9DD752ACC0384003973FF /* LaunchScreen.storyboard */ = {isa = PBXFileReference; lastKnownFileType = file.storyboard; path = LaunchScreen.storyboard; sourceTree = "<group>"; };
		17B9DD772ACC0441003973FF /* Info.plist */ = {isa = PBXFileReference; lastKnownFileType = text.plist; path = Info.plist; sourceTree = "<group>"; };
/* End PBXFileReference section */

/* Begin PBXFrameworksBuildPhase section */
		1779C88B2AC6D8C10013B44B /* Frameworks */ = {
			isa = PBXFrameworksBuildPhase;
			buildActionMask = 2147483647;
			files = (
				1779C8BF2AC6DA410013B44B /* SQLite in Frameworks */,
			);
			runOnlyForDeploymentPostprocessing = 0;
		};
/* End PBXFrameworksBuildPhase section */

/* Begin PBXGroup section */
		1779C8852AC6D8C00013B44B = {
			isa = PBXGroup;
			children = (
				1779C8902AC6D8C10013B44B /* MedTrack */,
				1779C88F2AC6D8C10013B44B /* Products */,
			);
			sourceTree = "<group>";
		};
		1779C88F2AC6D8C10013B44B /* Products */ = {
			isa = PBXGroup;
			children = (
				1779C88E2AC6D8C10013B44B /* MedTrack.app */,
			);
			name = Products;
			sourceTree = "<group>";
		};
		1779C8902AC6D8C10013B44B /* MedTrack */ = {
			isa = PBXGroup;
			children = (
				17B9DD772ACC0441003973FF /* Info.plist */,
				17972DB22AC87082003F22AA /* Notification */,
				17972DAE2AC86EDD003F22AA /* AppDelegate */,
				1779C8BB2AC6DA340013B44B /* medicament.sql */,
				1779C8B52AC6DA300013B44B /* Composant */,
				1779C8B22AC6DA220013B44B /* DB */,
				1779C8AF2AC6DA1B0013B44B /* Modal */,
				1779C8A02AC6D9EE0013B44B /* View */,
				1779C8912AC6D8C10013B44B /* MedTrackApp.swift */,
				1779C8932AC6D8C10013B44B /* ContentView.swift */,
				1779C8952AC6D8C20013B44B /* Assets.xcassets */,
				1779C8972AC6D8C20013B44B /* Preview Content */,
				1779C8DA2AC6DE1E0013B44B /* .gitignore */,
				17B9DD752ACC0384003973FF /* LaunchScreen.storyboard */,
			);
			path = MedTrack;
			sourceTree = "<group>";
		};
		1779C8972AC6D8C20013B44B /* Preview Content */ = {
			isa = PBXGroup;
			children = (
				1779C8982AC6D8C20013B44B /* Preview Assets.xcassets */,
			);
			path = "Preview Content";
			sourceTree = "<group>";
		};
		1779C8A02AC6D9EE0013B44B /* View */ = {
			isa = PBXGroup;
			children = (
				1779C8A12AC6D9EE0013B44B /* Calendar */,
				1779C8A32AC6D9EE0013B44B /* Index */,
				1779C8A52AC6D9EE0013B44B /* Traitement */,
			);
			path = View;
			sourceTree = "<group>";
		};
		1779C8A12AC6D9EE0013B44B /* Calendar */ = {
			isa = PBXGroup;
			children = (
				1779C8A22AC6D9EE0013B44B /* Calendar.swift */,
			);
			path = Calendar;
			sourceTree = "<group>";
		};
		1779C8A32AC6D9EE0013B44B /* Index */ = {
			isa = PBXGroup;
			children = (
				1779C8A42AC6D9EE0013B44B /* Index.swift */,
			);
			path = Index;
			sourceTree = "<group>";
		};
		1779C8A52AC6D9EE0013B44B /* Traitement */ = {
			isa = PBXGroup;
			children = (
				1779C8A62AC6D9EE0013B44B /* Rappel */,
				1779C8A92AC6D9EE0013B44B /* Traitement.swift */,
			);
			path = Traitement;
			sourceTree = "<group>";
		};
		1779C8A62AC6D9EE0013B44B /* Rappel */ = {
			isa = PBXGroup;
			children = (
				1779C8A72AC6D9EE0013B44B /* ProgrammationMed.swift */,
				1779C8A82AC6D9EE0013B44B /* ProgrammationMedSecondView.swift */,
			);
			path = Rappel;
			sourceTree = "<group>";
		};
		1779C8AF2AC6DA1B0013B44B /* Modal */ = {
			isa = PBXGroup;
			children = (
				1779C8B02AC6DA1B0013B44B /* ModalMedicament.swift */,
			);
			path = Modal;
			sourceTree = "<group>";
		};
		1779C8B22AC6DA220013B44B /* DB */ = {
			isa = PBXGroup;
			children = (
				1779C8B32AC6DA220013B44B /* DB.swift */,
			);
			path = DB;
			sourceTree = "<group>";
		};
		1779C8B52AC6DA300013B44B /* Composant */ = {
			isa = PBXGroup;
			children = (
				1779C8B62AC6DA300013B44B /* Index */,
			);
			path = Composant;
			sourceTree = "<group>";
		};
		1779C8B62AC6DA300013B44B /* Index */ = {
			isa = PBXGroup;
			children = (
				1779C8B72AC6DA300013B44B /* IndexRappel.swift */,
				1779C8B82AC6DA300013B44B /* TraitementRappel.swift */,
			);
			path = Index;
			sourceTree = "<group>";
		};
		17972DAE2AC86EDD003F22AA /* AppDelegate */ = {
			isa = PBXGroup;
			children = (
				17972DB02AC86F09003F22AA /* AppDelegate.swift */,
			);
			path = AppDelegate;
			sourceTree = "<group>";
		};
		17972DB22AC87082003F22AA /* Notification */ = {
			isa = PBXGroup;
			children = (
				17972DB32AC87098003F22AA /* NotificationRappel.swift */,
			);
			path = Notification;
			sourceTree = "<group>";
		};
/* End PBXGroup section */

/* Begin PBXNativeTarget section */
		1779C88D2AC6D8C10013B44B /* MedTrack */ = {
			isa = PBXNativeTarget;
			buildConfigurationList = 1779C89C2AC6D8C20013B44B /* Build configuration list for PBXNativeTarget "MedTrack" */;
			buildPhases = (
				1779C88A2AC6D8C10013B44B /* Sources */,
				1779C88B2AC6D8C10013B44B /* Frameworks */,
				1779C88C2AC6D8C10013B44B /* Resources */,
			);
			buildRules = (
			);
			dependencies = (
			);
			name = MedTrack;
			packageProductDependencies = (
				1779C8BE2AC6DA410013B44B /* SQLite */,
			);
			productName = MedTrack;
			productReference = 1779C88E2AC6D8C10013B44B /* MedTrack.app */;
			productType = "com.apple.product-type.application";
		};
/* End PBXNativeTarget section */

/* Begin PBXProject section */
		1779C8862AC6D8C00013B44B /* Project object */ = {
			isa = PBXProject;
			attributes = {
				BuildIndependentTargetsInParallel = 1;
				LastSwiftUpdateCheck = 1500;
				LastUpgradeCheck = 1500;
				TargetAttributes = {
					1779C88D2AC6D8C10013B44B = {
						CreatedOnToolsVersion = 15.0;
					};
				};
			};
			buildConfigurationList = 1779C8892AC6D8C00013B44B /* Build configuration list for PBXProject "MedTrack" */;
			compatibilityVersion = "Xcode 14.0";
			developmentRegion = en;
			hasScannedForEncodings = 0;
			knownRegions = (
				en,
				Base,
			);
			mainGroup = 1779C8852AC6D8C00013B44B;
			packageReferences = (
				1779C8BD2AC6DA410013B44B /* XCRemoteSwiftPackageReference "SQLite.swift" */,
			);
			productRefGroup = 1779C88F2AC6D8C10013B44B /* Products */;
			projectDirPath = "";
			projectRoot = "";
			targets = (
				1779C88D2AC6D8C10013B44B /* MedTrack */,
			);
		};
/* End PBXProject section */

/* Begin PBXResourcesBuildPhase section */
		1779C88C2AC6D8C10013B44B /* Resources */ = {
			isa = PBXResourcesBuildPhase;
			buildActionMask = 2147483647;
			files = (
				1779C8DB2AC6DE1E0013B44B /* .gitignore in Resources */,
				1779C8992AC6D8C20013B44B /* Preview Assets.xcassets in Resources */,
				1779C8962AC6D8C20013B44B /* Assets.xcassets in Resources */,
				17B9DD762ACC0384003973FF /* LaunchScreen.storyboard in Resources */,
				1779C8BC2AC6DA340013B44B /* medicament.sql in Resources */,
			);
			runOnlyForDeploymentPostprocessing = 0;
		};
/* End PBXResourcesBuildPhase section */

/* Begin PBXSourcesBuildPhase section */
		1779C88A2AC6D8C10013B44B /* Sources */ = {
			isa = PBXSourcesBuildPhase;
			buildActionMask = 2147483647;
			files = (
				17972DB12AC86F09003F22AA /* AppDelegate.swift in Sources */,
				17972DB42AC87098003F22AA /* NotificationRappel.swift in Sources */,
				1779C8AE2AC6D9EE0013B44B /* Traitement.swift in Sources */,
				1779C8AC2AC6D9EE0013B44B /* ProgrammationMed.swift in Sources */,
				1779C8B92AC6DA300013B44B /* IndexRappel.swift in Sources */,
				1779C8B42AC6DA220013B44B /* DB.swift in Sources */,
				1779C8942AC6D8C10013B44B /* ContentView.swift in Sources */,
				1779C8AD2AC6D9EE0013B44B /* ProgrammationMedSecondView.swift in Sources */,
				1779C8B12AC6DA1B0013B44B /* ModalMedicament.swift in Sources */,
				1779C8AA2AC6D9EE0013B44B /* Calendar.swift in Sources */,
				1779C8AB2AC6D9EE0013B44B /* Index.swift in Sources */,
				1779C8922AC6D8C10013B44B /* MedTrackApp.swift in Sources */,
				1779C8BA2AC6DA300013B44B /* TraitementRappel.swift in Sources */,
			);
			runOnlyForDeploymentPostprocessing = 0;
		};
/* End PBXSourcesBuildPhase section */

/* Begin XCBuildConfiguration section */
		1779C89A2AC6D8C20013B44B /* Debug */ = {
			isa = XCBuildConfiguration;
			buildSettings = {
				ALWAYS_SEARCH_USER_PATHS = NO;
				ASSETCATALOG_COMPILER_GENERATE_SWIFT_ASSET_SYMBOL_EXTENSIONS = YES;
				CLANG_ANALYZER_NONNULL = YES;
				CLANG_ANALYZER_NUMBER_OBJECT_CONVERSION = YES_AGGRESSIVE;
				CLANG_CXX_LANGUAGE_STANDARD = "gnu++20";
				CLANG_ENABLE_MODULES = YES;
				CLANG_ENABLE_OBJC_ARC = YES;
				CLANG_ENABLE_OBJC_WEAK = YES;
				CLANG_WARN_BLOCK_CAPTURE_AUTORELEASING = YES;
				CLANG_WARN_BOOL_CONVERSION = YES;
				CLANG_WARN_COMMA = YES;
				CLANG_WARN_CONSTANT_CONVERSION = YES;
				CLANG_WARN_DEPRECATED_OBJC_IMPLEMENTATIONS = YES;
				CLANG_WARN_DIRECT_OBJC_ISA_USAGE = YES_ERROR;
				CLANG_WARN_DOCUMENTATION_COMMENTS = YES;
				CLANG_WARN_EMPTY_BODY = YES;
				CLANG_WARN_ENUM_CONVERSION = YES;
				CLANG_WARN_INFINITE_RECURSION = YES;
				CLANG_WARN_INT_CONVERSION = YES;
				CLANG_WARN_NON_LITERAL_NULL_CONVERSION = YES;
				CLANG_WARN_OBJC_IMPLICIT_RETAIN_SELF = YES;
				CLANG_WARN_OBJC_LITERAL_CONVERSION = YES;
				CLANG_WARN_OBJC_ROOT_CLASS = YES_ERROR;
				CLANG_WARN_QUOTED_INCLUDE_IN_FRAMEWORK_HEADER = YES;
				CLANG_WARN_RANGE_LOOP_ANALYSIS = YES;
				CLANG_WARN_STRICT_PROTOTYPES = YES;
				CLANG_WARN_SUSPICIOUS_MOVE = YES;
				CLANG_WARN_UNGUARDED_AVAILABILITY = YES_AGGRESSIVE;
				CLANG_WARN_UNREACHABLE_CODE = YES;
				CLANG_WARN__DUPLICATE_METHOD_MATCH = YES;
				COPY_PHASE_STRIP = NO;
				DEBUG_INFORMATION_FORMAT = dwarf;
				ENABLE_STRICT_OBJC_MSGSEND = YES;
				ENABLE_TESTABILITY = YES;
				ENABLE_USER_SCRIPT_SANDBOXING = YES;
				GCC_C_LANGUAGE_STANDARD = gnu17;
				GCC_DYNAMIC_NO_PIC = NO;
				GCC_NO_COMMON_BLOCKS = YES;
				GCC_OPTIMIZATION_LEVEL = 0;
				GCC_PREPROCESSOR_DEFINITIONS = (
					"DEBUG=1",
					"$(inherited)",
				);
				GCC_WARN_64_TO_32_BIT_CONVERSION = YES;
				GCC_WARN_ABOUT_RETURN_TYPE = YES_ERROR;
				GCC_WARN_UNDECLARED_SELECTOR = YES;
				GCC_WARN_UNINITIALIZED_AUTOS = YES_AGGRESSIVE;
				GCC_WARN_UNUSED_FUNCTION = YES;
				GCC_WARN_UNUSED_VARIABLE = YES;
				IPHONEOS_DEPLOYMENT_TARGET = 17.0;
				LOCALIZATION_PREFERS_STRING_CATALOGS = YES;
				MTL_ENABLE_DEBUG_INFO = INCLUDE_SOURCE;
				MTL_FAST_MATH = YES;
				ONLY_ACTIVE_ARCH = YES;
				SDKROOT = iphoneos;
				SWIFT_ACTIVE_COMPILATION_CONDITIONS = "DEBUG $(inherited)";
				SWIFT_OPTIMIZATION_LEVEL = "-Onone";
			};
			name = Debug;
		};
		1779C89B2AC6D8C20013B44B /* Release */ = {
			isa = XCBuildConfiguration;
			buildSettings = {
				ALWAYS_SEARCH_USER_PATHS = NO;
				ASSETCATALOG_COMPILER_GENERATE_SWIFT_ASSET_SYMBOL_EXTENSIONS = YES;
				CLANG_ANALYZER_NONNULL = YES;
				CLANG_ANALYZER_NUMBER_OBJECT_CONVERSION = YES_AGGRESSIVE;
				CLANG_CXX_LANGUAGE_STANDARD = "gnu++20";
				CLANG_ENABLE_MODULES = YES;
				CLANG_ENABLE_OBJC_ARC = YES;
				CLANG_ENABLE_OBJC_WEAK = YES;
				CLANG_WARN_BLOCK_CAPTURE_AUTORELEASING = YES;
				CLANG_WARN_BOOL_CONVERSION = YES;
				CLANG_WARN_COMMA = YES;
				CLANG_WARN_CONSTANT_CONVERSION = YES;
				CLANG_WARN_DEPRECATED_OBJC_IMPLEMENTATIONS = YES;
				CLANG_WARN_DIRECT_OBJC_ISA_USAGE = YES_ERROR;
				CLANG_WARN_DOCUMENTATION_COMMENTS = YES;
				CLANG_WARN_EMPTY_BODY = YES;
				CLANG_WARN_ENUM_CONVERSION = YES;
				CLANG_WARN_INFINITE_RECURSION = YES;
				CLANG_WARN_INT_CONVERSION = YES;
				CLANG_WARN_NON_LITERAL_NULL_CONVERSION = YES;
				CLANG_WARN_OBJC_IMPLICIT_RETAIN_SELF = YES;
				CLANG_WARN_OBJC_LITERAL_CONVERSION = YES;
				CLANG_WARN_OBJC_ROOT_CLASS = YES_ERROR;
				CLANG_WARN_QUOTED_INCLUDE_IN_FRAMEWORK_HEADER = YES;
				CLANG_WARN_RANGE_LOOP_ANALYSIS = YES;
				CLANG_WARN_STRICT_PROTOTYPES = YES;
				CLANG_WARN_SUSPICIOUS_MOVE = YES;
				CLANG_WARN_UNGUARDED_AVAILABILITY = YES_AGGRESSIVE;
				CLANG_WARN_UNREACHABLE_CODE = YES;
				CLANG_WARN__DUPLICATE_METHOD_MATCH = YES;
				COPY_PHASE_STRIP = NO;
				DEBUG_INFORMATION_FORMAT = "dwarf-with-dsym";
				ENABLE_NS_ASSERTIONS = NO;
				ENABLE_STRICT_OBJC_MSGSEND = YES;
				ENABLE_USER_SCRIPT_SANDBOXING = YES;
				GCC_C_LANGUAGE_STANDARD = gnu17;
				GCC_NO_COMMON_BLOCKS = YES;
				GCC_WARN_64_TO_32_BIT_CONVERSION = YES;
				GCC_WARN_ABOUT_RETURN_TYPE = YES_ERROR;
				GCC_WARN_UNDECLARED_SELECTOR = YES;
				GCC_WARN_UNINITIALIZED_AUTOS = YES_AGGRESSIVE;
				GCC_WARN_UNUSED_FUNCTION = YES;
				GCC_WARN_UNUSED_VARIABLE = YES;
				IPHONEOS_DEPLOYMENT_TARGET = 17.0;
				LOCALIZATION_PREFERS_STRING_CATALOGS = YES;
				MTL_ENABLE_DEBUG_INFO = NO;
				MTL_FAST_MATH = YES;
				SDKROOT = iphoneos;
				SWIFT_COMPILATION_MODE = wholemodule;
				VALIDATE_PRODUCT = YES;
			};
			name = Release;
		};
		1779C89D2AC6D8C20013B44B /* Debug */ = {
			isa = XCBuildConfiguration;
			buildSettings = {
				ASSETCATALOG_COMPILER_APPICON_NAME = AppIcon;
				ASSETCATALOG_COMPILER_GLOBAL_ACCENT_COLOR_NAME = AccentColor;
				CODE_SIGN_STYLE = Automatic;
				CURRENT_PROJECT_VERSION = 1;
				DEVELOPMENT_ASSET_PATHS = "\"MedTrack/Preview Content\"";
				DEVELOPMENT_TEAM = 9449GL2RRQ;
				ENABLE_PREVIEWS = YES;
				GENERATE_INFOPLIST_FILE = YES;
				INFOPLIST_FILE = MedTrack/Info.plist;
				INFOPLIST_KEY_UIApplicationSceneManifest_Generation = YES;
				INFOPLIST_KEY_UIApplicationSupportsIndirectInputEvents = YES;
				INFOPLIST_KEY_UILaunchStoryboardName = LaunchScreen.storyboard;
				INFOPLIST_KEY_UISupportedInterfaceOrientations_iPad = "UIInterfaceOrientationPortrait UIInterfaceOrientationPortraitUpsideDown UIInterfaceOrientationLandscapeLeft UIInterfaceOrientationLandscapeRight";
				INFOPLIST_KEY_UISupportedInterfaceOrientations_iPhone = "UIInterfaceOrientationPortrait UIInterfaceOrientationLandscapeLeft UIInterfaceOrientationLandscapeRight";
				LD_RUNPATH_SEARCH_PATHS = (
					"$(inherited)",
					"@executable_path/Frameworks",
				);
				MARKETING_VERSION = 1.0;
				PRODUCT_BUNDLE_IDENTIFIER = "Miligen-corporation.MedTrack";
				PRODUCT_NAME = "$(TARGET_NAME)";
				SWIFT_EMIT_LOC_STRINGS = YES;
				SWIFT_VERSION = 5.0;
				TARGETED_DEVICE_FAMILY = "1,2";
			};
			name = Debug;
		};
		1779C89E2AC6D8C20013B44B /* Release */ = {
			isa = XCBuildConfiguration;
			buildSettings = {
				ASSETCATALOG_COMPILER_APPICON_NAME = AppIcon;
				ASSETCATALOG_COMPILER_GLOBAL_ACCENT_COLOR_NAME = AccentColor;
				CODE_SIGN_STYLE = Automatic;
				CURRENT_PROJECT_VERSION = 1;
				DEVELOPMENT_ASSET_PATHS = "\"MedTrack/Preview Content\"";
				DEVELOPMENT_TEAM = 9449GL2RRQ;
				ENABLE_PREVIEWS = YES;
				GENERATE_INFOPLIST_FILE = YES;
				INFOPLIST_FILE = MedTrack/Info.plist;
				INFOPLIST_KEY_UIApplicationSceneManifest_Generation = YES;
				INFOPLIST_KEY_UIApplicationSupportsIndirectInputEvents = YES;
				INFOPLIST_KEY_UILaunchStoryboardName = LaunchScreen.storyboard;
				INFOPLIST_KEY_UISupportedInterfaceOrientations_iPad = "UIInterfaceOrientationPortrait UIInterfaceOrientationPortraitUpsideDown UIInterfaceOrientationLandscapeLeft UIInterfaceOrientationLandscapeRight";
				INFOPLIST_KEY_UISupportedInterfaceOrientations_iPhone = "UIInterfaceOrientationPortrait UIInterfaceOrientationLandscapeLeft UIInterfaceOrientationLandscapeRight";
				LD_RUNPATH_SEARCH_PATHS = (
					"$(inherited)",
					"@executable_path/Frameworks",
				);
				MARKETING_VERSION = 1.0;
				PRODUCT_BUNDLE_IDENTIFIER = "Miligen-corporation.MedTrack";
				PRODUCT_NAME = "$(TARGET_NAME)";
				SWIFT_EMIT_LOC_STRINGS = YES;
				SWIFT_VERSION = 5.0;
				TARGETED_DEVICE_FAMILY = "1,2";
			};
			name = Release;
		};
/* End XCBuildConfiguration section */

/* Begin XCConfigurationList section */
		1779C8892AC6D8C00013B44B /* Build configuration list for PBXProject "MedTrack" */ = {
			isa = XCConfigurationList;
			buildConfigurations = (
				1779C89A2AC6D8C20013B44B /* Debug */,
				1779C89B2AC6D8C20013B44B /* Release */,
			);
			defaultConfigurationIsVisible = 0;
			defaultConfigurationName = Release;
		};
		1779C89C2AC6D8C20013B44B /* Build configuration list for PBXNativeTarget "MedTrack" */ = {
			isa = XCConfigurationList;
			buildConfigurations = (
				1779C89D2AC6D8C20013B44B /* Debug */,
				1779C89E2AC6D8C20013B44B /* Release */,
			);
			defaultConfigurationIsVisible = 0;
			defaultConfigurationName = Release;
		};
/* End XCConfigurationList section */

/* Begin XCRemoteSwiftPackageReference section */
		1779C8BD2AC6DA410013B44B /* XCRemoteSwiftPackageReference "SQLite.swift" */ = {
			isa = XCRemoteSwiftPackageReference;
			repositoryURL = "https://github.com/stephencelis/SQLite.swift.git";
			requirement = {
				kind = upToNextMajorVersion;
				minimumVersion = 0.14.1;
			};
		};
/* End XCRemoteSwiftPackageReference section */

/* Begin XCSwiftPackageProductDependency section */
		1779C8BE2AC6DA410013B44B /* SQLite */ = {
			isa = XCSwiftPackageProductDependency;
			package = 1779C8BD2AC6DA410013B44B /* XCRemoteSwiftPackageReference "SQLite.swift" */;
			productName = SQLite;
		};
/* End XCSwiftPackageProductDependency section */
	};
	rootObject = 1779C8862AC6D8C00013B44B /* Project object */;
}
